
Microsoft Visual Studio Solution File, Format Version 12.00
# Visual Studio Version 16
VisualStudioVersion = 16.0.810.20
MinimumVisualStudioVersion = 10.0.40219.1
Project("{FAE04EC0-301F-11D3-BF4B-00C04F79EFBC}") = "BlazorApp1.Shared", "BlazorApp1.Shared.csproj", "{F7CC1FFC-5417-4716-B00D-408BEFA90872}"
EndProject
Global
	GlobalSection(SolutionConfigurationPlatforms) = preSolution
		Debug|Any CPU = Debug|Any CPU
		Release|Any CPU = Release|Any CPU
	EndGlobalSection
	GlobalSection(ProjectConfigurationPlatforms) = postSolution
		{F7CC1FFC-5417-4716-B00D-408BEFA90872}.Debug|Any CPU.ActiveCfg = Debug|Any CPU
		{F7CC1FFC-5417-4716-B00D-408BEFA90872}.Debug|Any CPU.Build.0 = Debug|Any CPU
		{F7CC1FFC-5417-4716-B00D-408BEFA90872}.Release|Any CPU.ActiveCfg = Release|Any CPU
		{F7CC1FFC-5417-4716-B00D-408BEFA90872}.Release|Any CPU.Build.0 = Release|Any CPU
	EndGlobalSection
	GlobalSection(SolutionProperties) = preSolution
		HideSolutionNode = FALSE
	EndGlobalSection
	GlobalSection(ExtensibilityGlobals) = postSolution
		SolutionGuid = {83921FD5-823F-4B8A-A1DC-A3B3E392ACAF}
	EndGlobalSection
EndGlobal
