
Microsoft Visual Studio Solution File, Format Version 12.00
# Visual Studio Version 17
VisualStudioVersion = 17.1.32228.430
MinimumVisualStudioVersion = 10.0.40219.1
Project("{FAE04EC0-301F-11D3-BF4B-00C04F79EFBC}") = "BlazorApp1.Server", "BlazorApp1\Server\BlazorApp1.Server.csproj", "{90174DA2-97FE-455B-83ED-666FCB0168F9}"
EndProject
Project("{FAE04EC0-301F-11D3-BF4B-00C04F79EFBC}") = "BlazorApp1.Client", "BlazorApp1\Client\BlazorApp1.Client.csproj", "{63F873BA-5514-4804-BBE3-AD4E223B6454}"
EndProject
Project("{FAE04EC0-301F-11D3-BF4B-00C04F79EFBC}") = "BlazorApp1.Shared", "BlazorApp1\Shared\BlazorApp1.Shared.csproj", "{21FDBB45-1589-4A78-BC98-7A54EBCCF8B0}"
EndProject
Global
	GlobalSection(SolutionConfigurationPlatforms) = preSolution
		Debug|Any CPU = Debug|Any CPU
		Release|Any CPU = Release|Any CPU
	EndGlobalSection
	GlobalSection(ProjectConfigurationPlatforms) = postSolution
		{90174DA2-97FE-455B-83ED-666FCB0168F9}.Debug|Any CPU.ActiveCfg = Debug|Any CPU
		{90174DA2-97FE-455B-83ED-666FCB0168F9}.Debug|Any CPU.Build.0 = Debug|Any CPU
		{90174DA2-97FE-455B-83ED-666FCB0168F9}.Release|Any CPU.ActiveCfg = Release|Any CPU
		{90174DA2-97FE-455B-83ED-666FCB0168F9}.Release|Any CPU.Build.0 = Release|Any CPU
		{63F873BA-5514-4804-BBE3-AD4E223B6454}.Debug|Any CPU.ActiveCfg = Debug|Any CPU
		{63F873BA-5514-4804-BBE3-AD4E223B6454}.Debug|Any CPU.Build.0 = Debug|Any CPU
		{63F873BA-5514-4804-BBE3-AD4E223B6454}.Release|Any CPU.ActiveCfg = Release|Any CPU
		{63F873BA-5514-4804-BBE3-AD4E223B6454}.Release|Any CPU.Build.0 = Release|Any CPU
		{21FDBB45-1589-4A78-BC98-7A54EBCCF8B0}.Debug|Any CPU.ActiveCfg = Debug|Any CPU
		{21FDBB45-1589-4A78-BC98-7A54EBCCF8B0}.Debug|Any CPU.Build.0 = Debug|Any CPU
		{21FDBB45-1589-4A78-BC98-7A54EBCCF8B0}.Release|Any CPU.ActiveCfg = Release|Any CPU
		{21FDBB45-1589-4A78-BC98-7A54EBCCF8B0}.Release|Any CPU.Build.0 = Release|Any CPU
	EndGlobalSection
	GlobalSection(SolutionProperties) = preSolution
		HideSolutionNode = FALSE
	EndGlobalSection
	GlobalSection(ExtensibilityGlobals) = postSolution
		SolutionGuid = {F96EC74D-9935-4649-9905-FF7159DC9DCB}
	EndGlobalSection
EndGlobal
